
Microsoft Visual Studio Solution File, Format Version 12.00
# Visual Studio 15
Project("{FAE04EC0-301F-11D3-BF4B-00C04F79EFBC}") = "UnityEngine.UI", "UnityEngine.UI.csproj", "{DEDD56E1-762E-08F2-DD35-068FE3F76155}"
EndProject
Project("{FAE04EC0-301F-11D3-BF4B-00C04F79EFBC}") = "UnityEditor.UI", "UnityEditor.UI.csproj", "{66BBACC6-9B52-EAA6-31AE-B1C080812459}"
EndProject
Global
	GlobalSection(SolutionConfigurationPlatforms) = preSolution
		Debug|Any CPU = Debug|Any CPU
		Release|Any CPU = Release|Any CPU
	EndGlobalSection
	GlobalSection(ProjectConfigurationPlatforms) = postSolution
		{DEDD56E1-762E-08F2-DD35-068FE3F76155}.Debug|Any CPU.ActiveCfg = Debug|Any CPU
		{DEDD56E1-762E-08F2-DD35-068FE3F76155}.Debug|Any CPU.Build.0 = Debug|Any CPU
		{DEDD56E1-762E-08F2-DD35-068FE3F76155}.Release|Any CPU.ActiveCfg = Release|Any CPU
		{DEDD56E1-762E-08F2-DD35-068FE3F76155}.Release|Any CPU.Build.0 = Release|Any CPU
		{66BBACC6-9B52-EAA6-31AE-B1C080812459}.Debug|Any CPU.ActiveCfg = Debug|Any CPU
		{66BBACC6-9B52-EAA6-31AE-B1C080812459}.Debug|Any CPU.Build.0 = Debug|Any CPU
		{66BBACC6-9B52-EAA6-31AE-B1C080812459}.Release|Any CPU.ActiveCfg = Release|Any CPU
		{66BBACC6-9B52-EAA6-31AE-B1C080812459}.Release|Any CPU.Build.0 = Release|Any CPU
	EndGlobalSection
	GlobalSection(SolutionProperties) = preSolution
		HideSolutionNode = FALSE
	EndGlobalSection
EndGlobal
